# @generated by Move, please check-in and do not edit manually.

[move]
version = 0
manifest_digest = "7B03881C55499B0008F3867E787AB9905AB4C71DF58EF3A2F7C556354C645BC3"
deps_digest = "112928C94A84031C09CD9B9D1D44B149B73FC0EEA5FA8D8B2D7CA4D91936335A"

dependencies = [
  { name = "Sui" },
]

[[move.package]]
name = "MoveStdlib"
source = { local = "../../../../../suibase/workdirs/active/sui-repo/crates/sui-framework/packages/move-stdlib" }

[[move.package]]
name = "Sui"
source = { local = "../../../../../suibase/workdirs/active/sui-repo/crates/sui-framework/packages/sui-framework" }

dependencies = [
  { name = "MoveStdlib" },
]
